
Microsoft Visual Studio Solution File, Format Version 12.00
# Visual Studio 15
VisualStudioVersion = 15.0.26228.4
MinimumVisualStudioVersion = 10.0.40219.1
Project("{F184B08F-C81C-45F6-A57F-5ABD9991F28F}") = "PDFormsNet", "PDFormsNet.vbproj", "{03106B22-DEC7-4A50-855A-81DF0719A7BF}"
EndProject
Project("{F184B08F-C81C-45F6-A57F-5ABD9991F28F}") = "FDFApp", "FDFApp Source\FDFApp.vbproj", "{15F56E2E-A27F-48C4-A315-E5F0EF655424}"
EndProject
Project("{F184B08F-C81C-45F6-A57F-5ABD9991F28F}") = "PDF2HTMLnet", "PDF2HTMLnet Source\PDF2HTMLnet.vbproj", "{478AC0AE-3249-4A46-824A-E0C2D8353B69}"
EndProject
Project("{FAE04EC0-301F-11D3-BF4B-00C04F79EFBC}") = "PdfToImage", "PdfToImage Source\PdfToImage.csproj", "{0AC963ED-4835-41D8-9BE2-57623402819D}"
EndProject
Project("{FAE04EC0-301F-11D3-BF4B-00C04F79EFBC}") = "itextsharp(VS2010)", "iTextSharp Source\itextsharp(VS2010).csproj", "{84C4FDD9-3ED7-453B-B9DA-B3ED52CB071C}"
EndProject
Project("{FAE04EC0-301F-11D3-BF4B-00C04F79EFBC}") = "itextsharp.xmlworker", "itextsharp-src-xmlworker\itextsharp.xmlworker.csproj", "{96647204-4A3E-41D7-BC74-B1608D6D1857}"
EndProject
Project("{FAE04EC0-301F-11D3-BF4B-00C04F79EFBC}") = "Library", "FreeImage3170Win32Win64\FreeImage\Wrapper\FreeImage.NET\cs\Library\Library.csproj", "{6598A7CD-8F27-4D3F-A675-5AE63113A7C3}"
EndProject
Global
	GlobalSection(SolutionConfigurationPlatforms) = preSolution
		Debug Select|Any CPU = Debug Select|Any CPU
		Debug Select|Mixed Platforms = Debug Select|Mixed Platforms
		Debug Select|x64 = Debug Select|x64
		Debug Select|x86 = Debug Select|x86
		Debug_woDrawing|Any CPU = Debug_woDrawing|Any CPU
		Debug_woDrawing|Mixed Platforms = Debug_woDrawing|Mixed Platforms
		Debug_woDrawing|x64 = Debug_woDrawing|x64
		Debug_woDrawing|x86 = Debug_woDrawing|x86
		Debug|Any CPU = Debug|Any CPU
		Debug|Mixed Platforms = Debug|Mixed Platforms
		Debug|x64 = Debug|x64
		Debug|x86 = Debug|x86
		Debug35|Any CPU = Debug35|Any CPU
		Debug35|Mixed Platforms = Debug35|Mixed Platforms
		Debug35|x64 = Debug35|x64
		Debug35|x86 = Debug35|x86
		Release_woDrawing|Any CPU = Release_woDrawing|Any CPU
		Release_woDrawing|Mixed Platforms = Release_woDrawing|Mixed Platforms
		Release_woDrawing|x64 = Release_woDrawing|x64
		Release_woDrawing|x86 = Release_woDrawing|x86
		Release|Any CPU = Release|Any CPU
		Release|Mixed Platforms = Release|Mixed Platforms
		Release|x64 = Release|x64
		Release|x86 = Release|x86
		Release35|Any CPU = Release35|Any CPU
		Release35|Mixed Platforms = Release35|Mixed Platforms
		Release35|x64 = Release35|x64
		Release35|x86 = Release35|x86
	EndGlobalSection
	GlobalSection(ProjectConfigurationPlatforms) = postSolution
		{03106B22-DEC7-4A50-855A-81DF0719A7BF}.Debug Select|Any CPU.ActiveCfg = Debug|Any CPU
		{03106B22-DEC7-4A50-855A-81DF0719A7BF}.Debug Select|Any CPU.Build.0 = Debug|Any CPU
		{03106B22-DEC7-4A50-855A-81DF0719A7BF}.Debug Select|Mixed Platforms.ActiveCfg = Debug|Any CPU
		{03106B22-DEC7-4A50-855A-81DF0719A7BF}.Debug Select|Mixed Platforms.Build.0 = Debug|Any CPU
		{03106B22-DEC7-4A50-855A-81DF0719A7BF}.Debug Select|x64.ActiveCfg = Debug|Any CPU
		{03106B22-DEC7-4A50-855A-81DF0719A7BF}.Debug Select|x86.ActiveCfg = Debug|Any CPU
		{03106B22-DEC7-4A50-855A-81DF0719A7BF}.Debug_woDrawing|Any CPU.ActiveCfg = Debug|Any CPU
		{03106B22-DEC7-4A50-855A-81DF0719A7BF}.Debug_woDrawing|Any CPU.Build.0 = Debug|Any CPU
		{03106B22-DEC7-4A50-855A-81DF0719A7BF}.Debug_woDrawing|Mixed Platforms.ActiveCfg = Debug|Any CPU
		{03106B22-DEC7-4A50-855A-81DF0719A7BF}.Debug_woDrawing|Mixed Platforms.Build.0 = Debug|Any CPU
		{03106B22-DEC7-4A50-855A-81DF0719A7BF}.Debug_woDrawing|x64.ActiveCfg = Debug|Any CPU
		{03106B22-DEC7-4A50-855A-81DF0719A7BF}.Debug_woDrawing|x86.ActiveCfg = Debug|Any CPU
		{03106B22-DEC7-4A50-855A-81DF0719A7BF}.Debug|Any CPU.ActiveCfg = Debug|Any CPU
		{03106B22-DEC7-4A50-855A-81DF0719A7BF}.Debug|Any CPU.Build.0 = Debug|Any CPU
		{03106B22-DEC7-4A50-855A-81DF0719A7BF}.Debug|Mixed Platforms.ActiveCfg = Debug|Any CPU
		{03106B22-DEC7-4A50-855A-81DF0719A7BF}.Debug|Mixed Platforms.Build.0 = Debug|Any CPU
		{03106B22-DEC7-4A50-855A-81DF0719A7BF}.Debug|x64.ActiveCfg = Debug|Any CPU
		{03106B22-DEC7-4A50-855A-81DF0719A7BF}.Debug|x64.Build.0 = Debug|Any CPU
		{03106B22-DEC7-4A50-855A-81DF0719A7BF}.Debug|x86.ActiveCfg = Debug|Any CPU
		{03106B22-DEC7-4A50-855A-81DF0719A7BF}.Debug|x86.Build.0 = Debug|Any CPU
		{03106B22-DEC7-4A50-855A-81DF0719A7BF}.Debug35|Any CPU.ActiveCfg = Debug|Any CPU
		{03106B22-DEC7-4A50-855A-81DF0719A7BF}.Debug35|Any CPU.Build.0 = Debug|Any CPU
		{03106B22-DEC7-4A50-855A-81DF0719A7BF}.Debug35|Mixed Platforms.ActiveCfg = Debug|Any CPU
		{03106B22-DEC7-4A50-855A-81DF0719A7BF}.Debug35|Mixed Platforms.Build.0 = Debug|Any CPU
		{03106B22-DEC7-4A50-855A-81DF0719A7BF}.Debug35|x64.ActiveCfg = Debug|Any CPU
		{03106B22-DEC7-4A50-855A-81DF0719A7BF}.Debug35|x64.Build.0 = Debug|Any CPU
		{03106B22-DEC7-4A50-855A-81DF0719A7BF}.Debug35|x86.ActiveCfg = Debug|Any CPU
		{03106B22-DEC7-4A50-855A-81DF0719A7BF}.Debug35|x86.Build.0 = Debug|Any CPU
		{03106B22-DEC7-4A50-855A-81DF0719A7BF}.Release_woDrawing|Any CPU.ActiveCfg = Release|Any CPU
		{03106B22-DEC7-4A50-855A-81DF0719A7BF}.Release_woDrawing|Any CPU.Build.0 = Release|Any CPU
		{03106B22-DEC7-4A50-855A-81DF0719A7BF}.Release_woDrawing|Mixed Platforms.ActiveCfg = Release|Any CPU
		{03106B22-DEC7-4A50-855A-81DF0719A7BF}.Release_woDrawing|Mixed Platforms.Build.0 = Release|Any CPU
		{03106B22-DEC7-4A50-855A-81DF0719A7BF}.Release_woDrawing|x64.ActiveCfg = Release|Any CPU
		{03106B22-DEC7-4A50-855A-81DF0719A7BF}.Release_woDrawing|x86.ActiveCfg = Release|Any CPU
		{03106B22-DEC7-4A50-855A-81DF0719A7BF}.Release|Any CPU.ActiveCfg = Release|Any CPU
		{03106B22-DEC7-4A50-855A-81DF0719A7BF}.Release|Any CPU.Build.0 = Release|Any CPU
		{03106B22-DEC7-4A50-855A-81DF0719A7BF}.Release|Mixed Platforms.ActiveCfg = Release|Any CPU
		{03106B22-DEC7-4A50-855A-81DF0719A7BF}.Release|Mixed Platforms.Build.0 = Release|Any CPU
		{03106B22-DEC7-4A50-855A-81DF0719A7BF}.Release|x64.ActiveCfg = Release|Any CPU
		{03106B22-DEC7-4A50-855A-81DF0719A7BF}.Release|x64.Build.0 = Release|Any CPU
		{03106B22-DEC7-4A50-855A-81DF0719A7BF}.Release|x86.ActiveCfg = Release|Any CPU
		{03106B22-DEC7-4A50-855A-81DF0719A7BF}.Release35|Any CPU.ActiveCfg = Release|Any CPU
		{03106B22-DEC7-4A50-855A-81DF0719A7BF}.Release35|Any CPU.Build.0 = Release|Any CPU
		{03106B22-DEC7-4A50-855A-81DF0719A7BF}.Release35|Mixed Platforms.ActiveCfg = Release|Any CPU
		{03106B22-DEC7-4A50-855A-81DF0719A7BF}.Release35|Mixed Platforms.Build.0 = Release|Any CPU
		{03106B22-DEC7-4A50-855A-81DF0719A7BF}.Release35|x64.ActiveCfg = Release|Any CPU
		{03106B22-DEC7-4A50-855A-81DF0719A7BF}.Release35|x64.Build.0 = Release|Any CPU
		{03106B22-DEC7-4A50-855A-81DF0719A7BF}.Release35|x86.ActiveCfg = Release|Any CPU
		{03106B22-DEC7-4A50-855A-81DF0719A7BF}.Release35|x86.Build.0 = Release|Any CPU
		{15F56E2E-A27F-48C4-A315-E5F0EF655424}.Debug Select|Any CPU.ActiveCfg = Debug Select|Any CPU
		{15F56E2E-A27F-48C4-A315-E5F0EF655424}.Debug Select|Any CPU.Build.0 = Debug Select|Any CPU
		{15F56E2E-A27F-48C4-A315-E5F0EF655424}.Debug Select|Mixed Platforms.ActiveCfg = Debug Select|Any CPU
		{15F56E2E-A27F-48C4-A315-E5F0EF655424}.Debug Select|Mixed Platforms.Build.0 = Debug Select|Any CPU
		{15F56E2E-A27F-48C4-A315-E5F0EF655424}.Debug Select|x64.ActiveCfg = Debug Select|Any CPU
		{15F56E2E-A27F-48C4-A315-E5F0EF655424}.Debug Select|x86.ActiveCfg = Debug Select|Any CPU
		{15F56E2E-A27F-48C4-A315-E5F0EF655424}.Debug_woDrawing|Any CPU.ActiveCfg = Debug Select|Any CPU
		{15F56E2E-A27F-48C4-A315-E5F0EF655424}.Debug_woDrawing|Any CPU.Build.0 = Debug Select|Any CPU
		{15F56E2E-A27F-48C4-A315-E5F0EF655424}.Debug_woDrawing|Mixed Platforms.ActiveCfg = Debug Select|Any CPU
		{15F56E2E-A27F-48C4-A315-E5F0EF655424}.Debug_woDrawing|Mixed Platforms.Build.0 = Debug Select|Any CPU
		{15F56E2E-A27F-48C4-A315-E5F0EF655424}.Debug_woDrawing|x64.ActiveCfg = Debug Select|Any CPU
		{15F56E2E-A27F-48C4-A315-E5F0EF655424}.Debug_woDrawing|x86.ActiveCfg = Debug Select|Any CPU
		{15F56E2E-A27F-48C4-A315-E5F0EF655424}.Debug|Any CPU.ActiveCfg = Debug|Any CPU
		{15F56E2E-A27F-48C4-A315-E5F0EF655424}.Debug|Any CPU.Build.0 = Debug|Any CPU
		{15F56E2E-A27F-48C4-A315-E5F0EF655424}.Debug|Mixed Platforms.ActiveCfg = Debug|Any CPU
		{15F56E2E-A27F-48C4-A315-E5F0EF655424}.Debug|Mixed Platforms.Build.0 = Debug|Any CPU
		{15F56E2E-A27F-48C4-A315-E5F0EF655424}.Debug|x64.ActiveCfg = Debug|Any CPU
		{15F56E2E-A27F-48C4-A315-E5F0EF655424}.Debug|x64.Build.0 = Debug|Any CPU
		{15F56E2E-A27F-48C4-A315-E5F0EF655424}.Debug|x86.ActiveCfg = Debug|Any CPU
		{15F56E2E-A27F-48C4-A315-E5F0EF655424}.Debug|x86.Build.0 = Debug|Any CPU
		{15F56E2E-A27F-48C4-A315-E5F0EF655424}.Debug35|Any CPU.ActiveCfg = Debug|Any CPU
		{15F56E2E-A27F-48C4-A315-E5F0EF655424}.Debug35|Any CPU.Build.0 = Debug|Any CPU
		{15F56E2E-A27F-48C4-A315-E5F0EF655424}.Debug35|Mixed Platforms.ActiveCfg = Debug|Any CPU
		{15F56E2E-A27F-48C4-A315-E5F0EF655424}.Debug35|Mixed Platforms.Build.0 = Debug|Any CPU
		{15F56E2E-A27F-48C4-A315-E5F0EF655424}.Debug35|x64.ActiveCfg = Debug|Any CPU
		{15F56E2E-A27F-48C4-A315-E5F0EF655424}.Debug35|x64.Build.0 = Debug|Any CPU
		{15F56E2E-A27F-48C4-A315-E5F0EF655424}.Debug35|x86.ActiveCfg = Debug|Any CPU
		{15F56E2E-A27F-48C4-A315-E5F0EF655424}.Debug35|x86.Build.0 = Debug|Any CPU
		{15F56E2E-A27F-48C4-A315-E5F0EF655424}.Release_woDrawing|Any CPU.ActiveCfg = Release|Any CPU
		{15F56E2E-A27F-48C4-A315-E5F0EF655424}.Release_woDrawing|Any CPU.Build.0 = Release|Any CPU
		{15F56E2E-A27F-48C4-A315-E5F0EF655424}.Release_woDrawing|Mixed Platforms.ActiveCfg = Release|Any CPU
		{15F56E2E-A27F-48C4-A315-E5F0EF655424}.Release_woDrawing|Mixed Platforms.Build.0 = Release|Any CPU
		{15F56E2E-A27F-48C4-A315-E5F0EF655424}.Release_woDrawing|x64.ActiveCfg = Release|Any CPU
		{15F56E2E-A27F-48C4-A315-E5F0EF655424}.Release_woDrawing|x86.ActiveCfg = Release|Any CPU
		{15F56E2E-A27F-48C4-A315-E5F0EF655424}.Release|Any CPU.ActiveCfg = Release|Any CPU
		{15F56E2E-A27F-48C4-A315-E5F0EF655424}.Release|Any CPU.Build.0 = Release|Any CPU
		{15F56E2E-A27F-48C4-A315-E5F0EF655424}.Release|Mixed Platforms.ActiveCfg = Release|Any CPU
		{15F56E2E-A27F-48C4-A315-E5F0EF655424}.Release|Mixed Platforms.Build.0 = Release|Any CPU
		{15F56E2E-A27F-48C4-A315-E5F0EF655424}.Release|x64.ActiveCfg = Release|Any CPU
		{15F56E2E-A27F-48C4-A315-E5F0EF655424}.Release|x64.Build.0 = Release|Any CPU
		{15F56E2E-A27F-48C4-A315-E5F0EF655424}.Release|x86.ActiveCfg = Release|Any CPU
		{15F56E2E-A27F-48C4-A315-E5F0EF655424}.Release35|Any CPU.ActiveCfg = Release|Any CPU
		{15F56E2E-A27F-48C4-A315-E5F0EF655424}.Release35|Any CPU.Build.0 = Release|Any CPU
		{15F56E2E-A27F-48C4-A315-E5F0EF655424}.Release35|Mixed Platforms.ActiveCfg = Release|Any CPU
		{15F56E2E-A27F-48C4-A315-E5F0EF655424}.Release35|Mixed Platforms.Build.0 = Release|Any CPU
		{15F56E2E-A27F-48C4-A315-E5F0EF655424}.Release35|x64.ActiveCfg = Release|Any CPU
		{15F56E2E-A27F-48C4-A315-E5F0EF655424}.Release35|x64.Build.0 = Release|Any CPU
		{15F56E2E-A27F-48C4-A315-E5F0EF655424}.Release35|x86.ActiveCfg = Release|Any CPU
		{15F56E2E-A27F-48C4-A315-E5F0EF655424}.Release35|x86.Build.0 = Release|Any CPU
		{478AC0AE-3249-4A46-824A-E0C2D8353B69}.Debug Select|Any CPU.ActiveCfg = Debug|Any CPU
		{478AC0AE-3249-4A46-824A-E0C2D8353B69}.Debug Select|Any CPU.Build.0 = Debug|Any CPU
		{478AC0AE-3249-4A46-824A-E0C2D8353B69}.Debug Select|Mixed Platforms.ActiveCfg = Debug|Any CPU
		{478AC0AE-3249-4A46-824A-E0C2D8353B69}.Debug Select|Mixed Platforms.Build.0 = Debug|Any CPU
		{478AC0AE-3249-4A46-824A-E0C2D8353B69}.Debug Select|x64.ActiveCfg = Debug|Any CPU
		{478AC0AE-3249-4A46-824A-E0C2D8353B69}.Debug Select|x86.ActiveCfg = Debug|Any CPU
		{478AC0AE-3249-4A46-824A-E0C2D8353B69}.Debug_woDrawing|Any CPU.ActiveCfg = Debug|Any CPU
		{478AC0AE-3249-4A46-824A-E0C2D8353B69}.Debug_woDrawing|Any CPU.Build.0 = Debug|Any CPU
		{478AC0AE-3249-4A46-824A-E0C2D8353B69}.Debug_woDrawing|Mixed Platforms.ActiveCfg = Debug|Any CPU
		{478AC0AE-3249-4A46-824A-E0C2D8353B69}.Debug_woDrawing|Mixed Platforms.Build.0 = Debug|Any CPU
		{478AC0AE-3249-4A46-824A-E0C2D8353B69}.Debug_woDrawing|x64.ActiveCfg = Debug|Any CPU
		{478AC0AE-3249-4A46-824A-E0C2D8353B69}.Debug_woDrawing|x86.ActiveCfg = Debug|Any CPU
		{478AC0AE-3249-4A46-824A-E0C2D8353B69}.Debug|Any CPU.ActiveCfg = Debug|Any CPU
		{478AC0AE-3249-4A46-824A-E0C2D8353B69}.Debug|Any CPU.Build.0 = Debug|Any CPU
		{478AC0AE-3249-4A46-824A-E0C2D8353B69}.Debug|Mixed Platforms.ActiveCfg = Debug|Any CPU
		{478AC0AE-3249-4A46-824A-E0C2D8353B69}.Debug|Mixed Platforms.Build.0 = Debug|Any CPU
		{478AC0AE-3249-4A46-824A-E0C2D8353B69}.Debug|x64.ActiveCfg = Debug|Any CPU
		{478AC0AE-3249-4A46-824A-E0C2D8353B69}.Debug|x64.Build.0 = Debug|Any CPU
		{478AC0AE-3249-4A46-824A-E0C2D8353B69}.Debug|x86.ActiveCfg = Debug|Any CPU
		{478AC0AE-3249-4A46-824A-E0C2D8353B69}.Debug|x86.Build.0 = Debug|Any CPU
		{478AC0AE-3249-4A46-824A-E0C2D8353B69}.Debug35|Any CPU.ActiveCfg = Debug|Any CPU
		{478AC0AE-3249-4A46-824A-E0C2D8353B69}.Debug35|Any CPU.Build.0 = Debug|Any CPU
		{478AC0AE-3249-4A46-824A-E0C2D8353B69}.Debug35|Mixed Platforms.ActiveCfg = Debug|Any CPU
		{478AC0AE-3249-4A46-824A-E0C2D8353B69}.Debug35|Mixed Platforms.Build.0 = Debug|Any CPU
		{478AC0AE-3249-4A46-824A-E0C2D8353B69}.Debug35|x64.ActiveCfg = Debug|Any CPU
		{478AC0AE-3249-4A46-824A-E0C2D8353B69}.Debug35|x64.Build.0 = Debug|Any CPU
		{478AC0AE-3249-4A46-824A-E0C2D8353B69}.Debug35|x86.ActiveCfg = Debug|Any CPU
		{478AC0AE-3249-4A46-824A-E0C2D8353B69}.Debug35|x86.Build.0 = Debug|Any CPU
		{478AC0AE-3249-4A46-824A-E0C2D8353B69}.Release_woDrawing|Any CPU.ActiveCfg = Release|Any CPU
		{478AC0AE-3249-4A46-824A-E0C2D8353B69}.Release_woDrawing|Any CPU.Build.0 = Release|Any CPU
		{478AC0AE-3249-4A46-824A-E0C2D8353B69}.Release_woDrawing|Mixed Platforms.ActiveCfg = Release|Any CPU
		{478AC0AE-3249-4A46-824A-E0C2D8353B69}.Release_woDrawing|Mixed Platforms.Build.0 = Release|Any CPU
		{478AC0AE-3249-4A46-824A-E0C2D8353B69}.Release_woDrawing|x64.ActiveCfg = Release|Any CPU
		{478AC0AE-3249-4A46-824A-E0C2D8353B69}.Release_woDrawing|x86.ActiveCfg = Release|Any CPU
		{478AC0AE-3249-4A46-824A-E0C2D8353B69}.Release|Any CPU.ActiveCfg = Release|Any CPU
		{478AC0AE-3249-4A46-824A-E0C2D8353B69}.Release|Any CPU.Build.0 = Release|Any CPU
		{478AC0AE-3249-4A46-824A-E0C2D8353B69}.Release|Mixed Platforms.ActiveCfg = Release|Any CPU
		{478AC0AE-3249-4A46-824A-E0C2D8353B69}.Release|Mixed Platforms.Build.0 = Release|Any CPU
		{478AC0AE-3249-4A46-824A-E0C2D8353B69}.Release|x64.ActiveCfg = Release|Any CPU
		{478AC0AE-3249-4A46-824A-E0C2D8353B69}.Release|x64.Build.0 = Release|Any CPU
		{478AC0AE-3249-4A46-824A-E0C2D8353B69}.Release|x86.ActiveCfg = Release|Any CPU
		{478AC0AE-3249-4A46-824A-E0C2D8353B69}.Release35|Any CPU.ActiveCfg = Release|Any CPU
		{478AC0AE-3249-4A46-824A-E0C2D8353B69}.Release35|Any CPU.Build.0 = Release|Any CPU
		{478AC0AE-3249-4A46-824A-E0C2D8353B69}.Release35|Mixed Platforms.ActiveCfg = Release|Any CPU
		{478AC0AE-3249-4A46-824A-E0C2D8353B69}.Release35|Mixed Platforms.Build.0 = Release|Any CPU
		{478AC0AE-3249-4A46-824A-E0C2D8353B69}.Release35|x64.ActiveCfg = Release|Any CPU
		{478AC0AE-3249-4A46-824A-E0C2D8353B69}.Release35|x64.Build.0 = Release|Any CPU
		{478AC0AE-3249-4A46-824A-E0C2D8353B69}.Release35|x86.ActiveCfg = Release|Any CPU
		{478AC0AE-3249-4A46-824A-E0C2D8353B69}.Release35|x86.Build.0 = Release|Any CPU
		{0AC963ED-4835-41D8-9BE2-57623402819D}.Debug Select|Any CPU.ActiveCfg = Debug|x86
		{0AC963ED-4835-41D8-9BE2-57623402819D}.Debug Select|Mixed Platforms.ActiveCfg = Debug|x86
		{0AC963ED-4835-41D8-9BE2-57623402819D}.Debug Select|Mixed Platforms.Build.0 = Debug|x86
		{0AC963ED-4835-41D8-9BE2-57623402819D}.Debug Select|x64.ActiveCfg = Debug|x86
		{0AC963ED-4835-41D8-9BE2-57623402819D}.Debug Select|x86.ActiveCfg = Debug|x86
		{0AC963ED-4835-41D8-9BE2-57623402819D}.Debug Select|x86.Build.0 = Debug|x86
		{0AC963ED-4835-41D8-9BE2-57623402819D}.Debug_woDrawing|Any CPU.ActiveCfg = Debug|x86
		{0AC963ED-4835-41D8-9BE2-57623402819D}.Debug_woDrawing|Mixed Platforms.ActiveCfg = Debug|x86
		{0AC963ED-4835-41D8-9BE2-57623402819D}.Debug_woDrawing|Mixed Platforms.Build.0 = Debug|x86
		{0AC963ED-4835-41D8-9BE2-57623402819D}.Debug_woDrawing|x64.ActiveCfg = Debug|x86
		{0AC963ED-4835-41D8-9BE2-57623402819D}.Debug_woDrawing|x86.ActiveCfg = Debug|x86
		{0AC963ED-4835-41D8-9BE2-57623402819D}.Debug_woDrawing|x86.Build.0 = Debug|x86
		{0AC963ED-4835-41D8-9BE2-57623402819D}.Debug|Any CPU.ActiveCfg = Debug|Any CPU
		{0AC963ED-4835-41D8-9BE2-57623402819D}.Debug|Any CPU.Build.0 = Debug|Any CPU
		{0AC963ED-4835-41D8-9BE2-57623402819D}.Debug|Mixed Platforms.ActiveCfg = Debug|Any CPU
		{0AC963ED-4835-41D8-9BE2-57623402819D}.Debug|Mixed Platforms.Build.0 = Debug|Any CPU
		{0AC963ED-4835-41D8-9BE2-57623402819D}.Debug|x64.ActiveCfg = Debug|x86
		{0AC963ED-4835-41D8-9BE2-57623402819D}.Debug|x64.Build.0 = Debug|x86
		{0AC963ED-4835-41D8-9BE2-57623402819D}.Debug|x86.ActiveCfg = Debug|x86
		{0AC963ED-4835-41D8-9BE2-57623402819D}.Debug|x86.Build.0 = Debug|x86
		{0AC963ED-4835-41D8-9BE2-57623402819D}.Debug35|Any CPU.ActiveCfg = Debug|Any CPU
		{0AC963ED-4835-41D8-9BE2-57623402819D}.Debug35|Any CPU.Build.0 = Debug|Any CPU
		{0AC963ED-4835-41D8-9BE2-57623402819D}.Debug35|Mixed Platforms.ActiveCfg = Debug|x86
		{0AC963ED-4835-41D8-9BE2-57623402819D}.Debug35|Mixed Platforms.Build.0 = Debug|x86
		{0AC963ED-4835-41D8-9BE2-57623402819D}.Debug35|x64.ActiveCfg = Debug|Any CPU
		{0AC963ED-4835-41D8-9BE2-57623402819D}.Debug35|x64.Build.0 = Debug|Any CPU
		{0AC963ED-4835-41D8-9BE2-57623402819D}.Debug35|x86.ActiveCfg = Debug|x86
		{0AC963ED-4835-41D8-9BE2-57623402819D}.Debug35|x86.Build.0 = Debug|x86
		{0AC963ED-4835-41D8-9BE2-57623402819D}.Release_woDrawing|Any CPU.ActiveCfg = Release|x86
		{0AC963ED-4835-41D8-9BE2-57623402819D}.Release_woDrawing|Mixed Platforms.ActiveCfg = Release|x86
		{0AC963ED-4835-41D8-9BE2-57623402819D}.Release_woDrawing|Mixed Platforms.Build.0 = Release|x86
		{0AC963ED-4835-41D8-9BE2-57623402819D}.Release_woDrawing|x64.ActiveCfg = Release|x86
		{0AC963ED-4835-41D8-9BE2-57623402819D}.Release_woDrawing|x86.ActiveCfg = Release|x86
		{0AC963ED-4835-41D8-9BE2-57623402819D}.Release_woDrawing|x86.Build.0 = Release|x86
		{0AC963ED-4835-41D8-9BE2-57623402819D}.Release|Any CPU.ActiveCfg = Release|Any CPU
		{0AC963ED-4835-41D8-9BE2-57623402819D}.Release|Any CPU.Build.0 = Release|Any CPU
		{0AC963ED-4835-41D8-9BE2-57623402819D}.Release|Mixed Platforms.ActiveCfg = Release|Any CPU
		{0AC963ED-4835-41D8-9BE2-57623402819D}.Release|Mixed Platforms.Build.0 = Release|Any CPU
		{0AC963ED-4835-41D8-9BE2-57623402819D}.Release|x64.ActiveCfg = Release|x86
		{0AC963ED-4835-41D8-9BE2-57623402819D}.Release|x64.Build.0 = Release|x86
		{0AC963ED-4835-41D8-9BE2-57623402819D}.Release|x86.ActiveCfg = Release|x86
		{0AC963ED-4835-41D8-9BE2-57623402819D}.Release|x86.Build.0 = Release|x86
		{0AC963ED-4835-41D8-9BE2-57623402819D}.Release35|Any CPU.ActiveCfg = Release|Any CPU
		{0AC963ED-4835-41D8-9BE2-57623402819D}.Release35|Any CPU.Build.0 = Release|Any CPU
		{0AC963ED-4835-41D8-9BE2-57623402819D}.Release35|Mixed Platforms.ActiveCfg = Release|x86
		{0AC963ED-4835-41D8-9BE2-57623402819D}.Release35|Mixed Platforms.Build.0 = Release|x86
		{0AC963ED-4835-41D8-9BE2-57623402819D}.Release35|x64.ActiveCfg = Release|Any CPU
		{0AC963ED-4835-41D8-9BE2-57623402819D}.Release35|x64.Build.0 = Release|Any CPU
		{0AC963ED-4835-41D8-9BE2-57623402819D}.Release35|x86.ActiveCfg = Release|x86
		{0AC963ED-4835-41D8-9BE2-57623402819D}.Release35|x86.Build.0 = Release|x86
		{84C4FDD9-3ED7-453B-B9DA-B3ED52CB071C}.Debug Select|Any CPU.ActiveCfg = Debug_woDrawing|Any CPU
		{84C4FDD9-3ED7-453B-B9DA-B3ED52CB071C}.Debug Select|Any CPU.Build.0 = Debug_woDrawing|Any CPU
		{84C4FDD9-3ED7-453B-B9DA-B3ED52CB071C}.Debug Select|Mixed Platforms.ActiveCfg = Debug_woDrawing|Any CPU
		{84C4FDD9-3ED7-453B-B9DA-B3ED52CB071C}.Debug Select|Mixed Platforms.Build.0 = Debug_woDrawing|Any CPU
		{84C4FDD9-3ED7-453B-B9DA-B3ED52CB071C}.Debug Select|x64.ActiveCfg = Debug_woDrawing|Any CPU
		{84C4FDD9-3ED7-453B-B9DA-B3ED52CB071C}.Debug Select|x64.Build.0 = Debug_woDrawing|Any CPU
		{84C4FDD9-3ED7-453B-B9DA-B3ED52CB071C}.Debug Select|x86.ActiveCfg = Debug_woDrawing|Any CPU
		{84C4FDD9-3ED7-453B-B9DA-B3ED52CB071C}.Debug Select|x86.Build.0 = Debug_woDrawing|Any CPU
		{84C4FDD9-3ED7-453B-B9DA-B3ED52CB071C}.Debug_woDrawing|Any CPU.ActiveCfg = Debug_woDrawing|Any CPU
		{84C4FDD9-3ED7-453B-B9DA-B3ED52CB071C}.Debug_woDrawing|Any CPU.Build.0 = Debug_woDrawing|Any CPU
		{84C4FDD9-3ED7-453B-B9DA-B3ED52CB071C}.Debug_woDrawing|Mixed Platforms.ActiveCfg = Debug_woDrawing|Any CPU
		{84C4FDD9-3ED7-453B-B9DA-B3ED52CB071C}.Debug_woDrawing|Mixed Platforms.Build.0 = Debug_woDrawing|Any CPU
		{84C4FDD9-3ED7-453B-B9DA-B3ED52CB071C}.Debug_woDrawing|x64.ActiveCfg = Debug_woDrawing|Any CPU
		{84C4FDD9-3ED7-453B-B9DA-B3ED52CB071C}.Debug_woDrawing|x64.Build.0 = Debug_woDrawing|Any CPU
		{84C4FDD9-3ED7-453B-B9DA-B3ED52CB071C}.Debug_woDrawing|x86.ActiveCfg = Debug_woDrawing|Any CPU
		{84C4FDD9-3ED7-453B-B9DA-B3ED52CB071C}.Debug_woDrawing|x86.Build.0 = Debug_woDrawing|Any CPU
		{84C4FDD9-3ED7-453B-B9DA-B3ED52CB071C}.Debug|Any CPU.ActiveCfg = Debug|Any CPU
		{84C4FDD9-3ED7-453B-B9DA-B3ED52CB071C}.Debug|Any CPU.Build.0 = Debug|Any CPU
		{84C4FDD9-3ED7-453B-B9DA-B3ED52CB071C}.Debug|Mixed Platforms.ActiveCfg = Debug|Any CPU
		{84C4FDD9-3ED7-453B-B9DA-B3ED52CB071C}.Debug|Mixed Platforms.Build.0 = Debug|Any CPU
		{84C4FDD9-3ED7-453B-B9DA-B3ED52CB071C}.Debug|x64.ActiveCfg = Debug|Any CPU
		{84C4FDD9-3ED7-453B-B9DA-B3ED52CB071C}.Debug|x64.Build.0 = Debug|Any CPU
		{84C4FDD9-3ED7-453B-B9DA-B3ED52CB071C}.Debug|x86.ActiveCfg = Debug|Any CPU
		{84C4FDD9-3ED7-453B-B9DA-B3ED52CB071C}.Debug|x86.Build.0 = Debug|Any CPU
		{84C4FDD9-3ED7-453B-B9DA-B3ED52CB071C}.Debug35|Any CPU.ActiveCfg = Debug|Any CPU
		{84C4FDD9-3ED7-453B-B9DA-B3ED52CB071C}.Debug35|Any CPU.Build.0 = Debug|Any CPU
		{84C4FDD9-3ED7-453B-B9DA-B3ED52CB071C}.Debug35|Mixed Platforms.ActiveCfg = Debug|Any CPU
		{84C4FDD9-3ED7-453B-B9DA-B3ED52CB071C}.Debug35|Mixed Platforms.Build.0 = Debug|Any CPU
		{84C4FDD9-3ED7-453B-B9DA-B3ED52CB071C}.Debug35|x64.ActiveCfg = Debug|Any CPU
		{84C4FDD9-3ED7-453B-B9DA-B3ED52CB071C}.Debug35|x64.Build.0 = Debug|Any CPU
		{84C4FDD9-3ED7-453B-B9DA-B3ED52CB071C}.Debug35|x86.ActiveCfg = Debug|Any CPU
		{84C4FDD9-3ED7-453B-B9DA-B3ED52CB071C}.Debug35|x86.Build.0 = Debug|Any CPU
		{84C4FDD9-3ED7-453B-B9DA-B3ED52CB071C}.Release_woDrawing|Any CPU.ActiveCfg = Release_woDrawing|Any CPU
		{84C4FDD9-3ED7-453B-B9DA-B3ED52CB071C}.Release_woDrawing|Any CPU.Build.0 = Release_woDrawing|Any CPU
		{84C4FDD9-3ED7-453B-B9DA-B3ED52CB071C}.Release_woDrawing|Mixed Platforms.ActiveCfg = Release_woDrawing|Any CPU
		{84C4FDD9-3ED7-453B-B9DA-B3ED52CB071C}.Release_woDrawing|Mixed Platforms.Build.0 = Release_woDrawing|Any CPU
		{84C4FDD9-3ED7-453B-B9DA-B3ED52CB071C}.Release_woDrawing|x64.ActiveCfg = Release_woDrawing|Any CPU
		{84C4FDD9-3ED7-453B-B9DA-B3ED52CB071C}.Release_woDrawing|x64.Build.0 = Release_woDrawing|Any CPU
		{84C4FDD9-3ED7-453B-B9DA-B3ED52CB071C}.Release_woDrawing|x86.ActiveCfg = Release_woDrawing|Any CPU
		{84C4FDD9-3ED7-453B-B9DA-B3ED52CB071C}.Release_woDrawing|x86.Build.0 = Release_woDrawing|Any CPU
		{84C4FDD9-3ED7-453B-B9DA-B3ED52CB071C}.Release|Any CPU.ActiveCfg = Release|Any CPU
		{84C4FDD9-3ED7-453B-B9DA-B3ED52CB071C}.Release|Any CPU.Build.0 = Release|Any CPU
		{84C4FDD9-3ED7-453B-B9DA-B3ED52CB071C}.Release|Mixed Platforms.ActiveCfg = Release|Any CPU
		{84C4FDD9-3ED7-453B-B9DA-B3ED52CB071C}.Release|Mixed Platforms.Build.0 = Release|Any CPU
		{84C4FDD9-3ED7-453B-B9DA-B3ED52CB071C}.Release|x64.ActiveCfg = Release|Any CPU
		{84C4FDD9-3ED7-453B-B9DA-B3ED52CB071C}.Release|x64.Build.0 = Release|Any CPU
		{84C4FDD9-3ED7-453B-B9DA-B3ED52CB071C}.Release|x86.ActiveCfg = Release|Any CPU
		{84C4FDD9-3ED7-453B-B9DA-B3ED52CB071C}.Release|x86.Build.0 = Release|Any CPU
		{84C4FDD9-3ED7-453B-B9DA-B3ED52CB071C}.Release35|Any CPU.ActiveCfg = Release|Any CPU
		{84C4FDD9-3ED7-453B-B9DA-B3ED52CB071C}.Release35|Any CPU.Build.0 = Release|Any CPU
		{84C4FDD9-3ED7-453B-B9DA-B3ED52CB071C}.Release35|Mixed Platforms.ActiveCfg = Release|Any CPU
		{84C4FDD9-3ED7-453B-B9DA-B3ED52CB071C}.Release35|Mixed Platforms.Build.0 = Release|Any CPU
		{84C4FDD9-3ED7-453B-B9DA-B3ED52CB071C}.Release35|x64.ActiveCfg = Release|Any CPU
		{84C4FDD9-3ED7-453B-B9DA-B3ED52CB071C}.Release35|x64.Build.0 = Release|Any CPU
		{84C4FDD9-3ED7-453B-B9DA-B3ED52CB071C}.Release35|x86.ActiveCfg = Release|Any CPU
		{84C4FDD9-3ED7-453B-B9DA-B3ED52CB071C}.Release35|x86.Build.0 = Release|Any CPU
		{96647204-4A3E-41D7-BC74-B1608D6D1857}.Debug Select|Any CPU.ActiveCfg = Debug_woDrawing|Any CPU
		{96647204-4A3E-41D7-BC74-B1608D6D1857}.Debug Select|Any CPU.Build.0 = Debug_woDrawing|Any CPU
		{96647204-4A3E-41D7-BC74-B1608D6D1857}.Debug Select|Mixed Platforms.ActiveCfg = Debug_woDrawing|Any CPU
		{96647204-4A3E-41D7-BC74-B1608D6D1857}.Debug Select|Mixed Platforms.Build.0 = Debug_woDrawing|Any CPU
		{96647204-4A3E-41D7-BC74-B1608D6D1857}.Debug Select|x64.ActiveCfg = Debug_woDrawing|Any CPU
		{96647204-4A3E-41D7-BC74-B1608D6D1857}.Debug Select|x64.Build.0 = Debug_woDrawing|Any CPU
		{96647204-4A3E-41D7-BC74-B1608D6D1857}.Debug Select|x86.ActiveCfg = Debug_woDrawing|Any CPU
		{96647204-4A3E-41D7-BC74-B1608D6D1857}.Debug Select|x86.Build.0 = Debug_woDrawing|Any CPU
		{96647204-4A3E-41D7-BC74-B1608D6D1857}.Debug_woDrawing|Any CPU.ActiveCfg = Debug_woDrawing|Any CPU
		{96647204-4A3E-41D7-BC74-B1608D6D1857}.Debug_woDrawing|Any CPU.Build.0 = Debug_woDrawing|Any CPU
		{96647204-4A3E-41D7-BC74-B1608D6D1857}.Debug_woDrawing|Mixed Platforms.ActiveCfg = Debug_woDrawing|Any CPU
		{96647204-4A3E-41D7-BC74-B1608D6D1857}.Debug_woDrawing|Mixed Platforms.Build.0 = Debug_woDrawing|Any CPU
		{96647204-4A3E-41D7-BC74-B1608D6D1857}.Debug_woDrawing|x64.ActiveCfg = Debug_woDrawing|Any CPU
		{96647204-4A3E-41D7-BC74-B1608D6D1857}.Debug_woDrawing|x64.Build.0 = Debug_woDrawing|Any CPU
		{96647204-4A3E-41D7-BC74-B1608D6D1857}.Debug_woDrawing|x86.ActiveCfg = Debug_woDrawing|Any CPU
		{96647204-4A3E-41D7-BC74-B1608D6D1857}.Debug_woDrawing|x86.Build.0 = Debug_woDrawing|Any CPU
		{96647204-4A3E-41D7-BC74-B1608D6D1857}.Debug|Any CPU.ActiveCfg = Debug|Any CPU
		{96647204-4A3E-41D7-BC74-B1608D6D1857}.Debug|Any CPU.Build.0 = Debug|Any CPU
		{96647204-4A3E-41D7-BC74-B1608D6D1857}.Debug|Mixed Platforms.ActiveCfg = Debug|Any CPU
		{96647204-4A3E-41D7-BC74-B1608D6D1857}.Debug|Mixed Platforms.Build.0 = Debug|Any CPU
		{96647204-4A3E-41D7-BC74-B1608D6D1857}.Debug|x64.ActiveCfg = Debug|Any CPU
		{96647204-4A3E-41D7-BC74-B1608D6D1857}.Debug|x64.Build.0 = Debug|Any CPU
		{96647204-4A3E-41D7-BC74-B1608D6D1857}.Debug|x86.ActiveCfg = Debug|Any CPU
		{96647204-4A3E-41D7-BC74-B1608D6D1857}.Debug|x86.Build.0 = Debug|Any CPU
		{96647204-4A3E-41D7-BC74-B1608D6D1857}.Debug35|Any CPU.ActiveCfg = Debug|Any CPU
		{96647204-4A3E-41D7-BC74-B1608D6D1857}.Debug35|Any CPU.Build.0 = Debug|Any CPU
		{96647204-4A3E-41D7-BC74-B1608D6D1857}.Debug35|Mixed Platforms.ActiveCfg = Debug|Any CPU
		{96647204-4A3E-41D7-BC74-B1608D6D1857}.Debug35|Mixed Platforms.Build.0 = Debug|Any CPU
		{96647204-4A3E-41D7-BC74-B1608D6D1857}.Debug35|x64.ActiveCfg = Debug|Any CPU
		{96647204-4A3E-41D7-BC74-B1608D6D1857}.Debug35|x64.Build.0 = Debug|Any CPU
		{96647204-4A3E-41D7-BC74-B1608D6D1857}.Debug35|x86.ActiveCfg = Debug|Any CPU
		{96647204-4A3E-41D7-BC74-B1608D6D1857}.Debug35|x86.Build.0 = Debug|Any CPU
		{96647204-4A3E-41D7-BC74-B1608D6D1857}.Release_woDrawing|Any CPU.ActiveCfg = Release_woDrawing|Any CPU
		{96647204-4A3E-41D7-BC74-B1608D6D1857}.Release_woDrawing|Any CPU.Build.0 = Release_woDrawing|Any CPU
		{96647204-4A3E-41D7-BC74-B1608D6D1857}.Release_woDrawing|Mixed Platforms.ActiveCfg = Release_woDrawing|Any CPU
		{96647204-4A3E-41D7-BC74-B1608D6D1857}.Release_woDrawing|Mixed Platforms.Build.0 = Release_woDrawing|Any CPU
		{96647204-4A3E-41D7-BC74-B1608D6D1857}.Release_woDrawing|x64.ActiveCfg = Release_woDrawing|Any CPU
		{96647204-4A3E-41D7-BC74-B1608D6D1857}.Release_woDrawing|x64.Build.0 = Release_woDrawing|Any CPU
		{96647204-4A3E-41D7-BC74-B1608D6D1857}.Release_woDrawing|x86.ActiveCfg = Release_woDrawing|Any CPU
		{96647204-4A3E-41D7-BC74-B1608D6D1857}.Release_woDrawing|x86.Build.0 = Release_woDrawing|Any CPU
		{96647204-4A3E-41D7-BC74-B1608D6D1857}.Release|Any CPU.ActiveCfg = Release|Any CPU
		{96647204-4A3E-41D7-BC74-B1608D6D1857}.Release|Any CPU.Build.0 = Release|Any CPU
		{96647204-4A3E-41D7-BC74-B1608D6D1857}.Release|Mixed Platforms.ActiveCfg = Release|Any CPU
		{96647204-4A3E-41D7-BC74-B1608D6D1857}.Release|Mixed Platforms.Build.0 = Release|Any CPU
		{96647204-4A3E-41D7-BC74-B1608D6D1857}.Release|x64.ActiveCfg = Release|Any CPU
		{96647204-4A3E-41D7-BC74-B1608D6D1857}.Release|x64.Build.0 = Release|Any CPU
		{96647204-4A3E-41D7-BC74-B1608D6D1857}.Release|x86.ActiveCfg = Release|Any CPU
		{96647204-4A3E-41D7-BC74-B1608D6D1857}.Release|x86.Build.0 = Release|Any CPU
		{96647204-4A3E-41D7-BC74-B1608D6D1857}.Release35|Any CPU.ActiveCfg = Release|Any CPU
		{96647204-4A3E-41D7-BC74-B1608D6D1857}.Release35|Any CPU.Build.0 = Release|Any CPU
		{96647204-4A3E-41D7-BC74-B1608D6D1857}.Release35|Mixed Platforms.ActiveCfg = Release|Any CPU
		{96647204-4A3E-41D7-BC74-B1608D6D1857}.Release35|Mixed Platforms.Build.0 = Release|Any CPU
		{96647204-4A3E-41D7-BC74-B1608D6D1857}.Release35|x64.ActiveCfg = Release|Any CPU
		{96647204-4A3E-41D7-BC74-B1608D6D1857}.Release35|x64.Build.0 = Release|Any CPU
		{96647204-4A3E-41D7-BC74-B1608D6D1857}.Release35|x86.ActiveCfg = Release|Any CPU
		{96647204-4A3E-41D7-BC74-B1608D6D1857}.Release35|x86.Build.0 = Release|Any CPU
		{6598A7CD-8F27-4D3F-A675-5AE63113A7C3}.Debug Select|Any CPU.ActiveCfg = Debug|Any CPU
		{6598A7CD-8F27-4D3F-A675-5AE63113A7C3}.Debug Select|Any CPU.Build.0 = Debug|Any CPU
		{6598A7CD-8F27-4D3F-A675-5AE63113A7C3}.Debug Select|Mixed Platforms.ActiveCfg = Debug|x86
		{6598A7CD-8F27-4D3F-A675-5AE63113A7C3}.Debug Select|Mixed Platforms.Build.0 = Debug|x86
		{6598A7CD-8F27-4D3F-A675-5AE63113A7C3}.Debug Select|x64.ActiveCfg = Debug|x64
		{6598A7CD-8F27-4D3F-A675-5AE63113A7C3}.Debug Select|x64.Build.0 = Debug|x64
		{6598A7CD-8F27-4D3F-A675-5AE63113A7C3}.Debug Select|x86.ActiveCfg = Debug|x86
		{6598A7CD-8F27-4D3F-A675-5AE63113A7C3}.Debug Select|x86.Build.0 = Debug|x86
		{6598A7CD-8F27-4D3F-A675-5AE63113A7C3}.Debug_woDrawing|Any CPU.ActiveCfg = Debug|Any CPU
		{6598A7CD-8F27-4D3F-A675-5AE63113A7C3}.Debug_woDrawing|Any CPU.Build.0 = Debug|Any CPU
		{6598A7CD-8F27-4D3F-A675-5AE63113A7C3}.Debug_woDrawing|Mixed Platforms.ActiveCfg = Debug|x86
		{6598A7CD-8F27-4D3F-A675-5AE63113A7C3}.Debug_woDrawing|Mixed Platforms.Build.0 = Debug|x86
		{6598A7CD-8F27-4D3F-A675-5AE63113A7C3}.Debug_woDrawing|x64.ActiveCfg = Debug|x64
		{6598A7CD-8F27-4D3F-A675-5AE63113A7C3}.Debug_woDrawing|x64.Build.0 = Debug|x64
		{6598A7CD-8F27-4D3F-A675-5AE63113A7C3}.Debug_woDrawing|x86.ActiveCfg = Debug|x86
		{6598A7CD-8F27-4D3F-A675-5AE63113A7C3}.Debug_woDrawing|x86.Build.0 = Debug|x86
		{6598A7CD-8F27-4D3F-A675-5AE63113A7C3}.Debug|Any CPU.ActiveCfg = Debug|Any CPU
		{6598A7CD-8F27-4D3F-A675-5AE63113A7C3}.Debug|Any CPU.Build.0 = Debug|Any CPU
		{6598A7CD-8F27-4D3F-A675-5AE63113A7C3}.Debug|Mixed Platforms.ActiveCfg = Debug|Any CPU
		{6598A7CD-8F27-4D3F-A675-5AE63113A7C3}.Debug|Mixed Platforms.Build.0 = Debug|Any CPU
		{6598A7CD-8F27-4D3F-A675-5AE63113A7C3}.Debug|x64.ActiveCfg = Debug|x64
		{6598A7CD-8F27-4D3F-A675-5AE63113A7C3}.Debug|x64.Build.0 = Debug|x64
		{6598A7CD-8F27-4D3F-A675-5AE63113A7C3}.Debug|x86.ActiveCfg = Debug|x86
		{6598A7CD-8F27-4D3F-A675-5AE63113A7C3}.Debug|x86.Build.0 = Debug|x86
		{6598A7CD-8F27-4D3F-A675-5AE63113A7C3}.Debug35|Any CPU.ActiveCfg = Debug|Any CPU
		{6598A7CD-8F27-4D3F-A675-5AE63113A7C3}.Debug35|Any CPU.Build.0 = Debug|Any CPU
		{6598A7CD-8F27-4D3F-A675-5AE63113A7C3}.Debug35|Mixed Platforms.ActiveCfg = Debug|x86
		{6598A7CD-8F27-4D3F-A675-5AE63113A7C3}.Debug35|Mixed Platforms.Build.0 = Debug|x86
		{6598A7CD-8F27-4D3F-A675-5AE63113A7C3}.Debug35|x64.ActiveCfg = Debug|x64
		{6598A7CD-8F27-4D3F-A675-5AE63113A7C3}.Debug35|x64.Build.0 = Debug|x64
		{6598A7CD-8F27-4D3F-A675-5AE63113A7C3}.Debug35|x86.ActiveCfg = Debug|x86
		{6598A7CD-8F27-4D3F-A675-5AE63113A7C3}.Debug35|x86.Build.0 = Debug|x86
		{6598A7CD-8F27-4D3F-A675-5AE63113A7C3}.Release_woDrawing|Any CPU.ActiveCfg = Release|Any CPU
		{6598A7CD-8F27-4D3F-A675-5AE63113A7C3}.Release_woDrawing|Any CPU.Build.0 = Release|Any CPU
		{6598A7CD-8F27-4D3F-A675-5AE63113A7C3}.Release_woDrawing|Mixed Platforms.ActiveCfg = Release|x86
		{6598A7CD-8F27-4D3F-A675-5AE63113A7C3}.Release_woDrawing|Mixed Platforms.Build.0 = Release|x86
		{6598A7CD-8F27-4D3F-A675-5AE63113A7C3}.Release_woDrawing|x64.ActiveCfg = Release|x64
		{6598A7CD-8F27-4D3F-A675-5AE63113A7C3}.Release_woDrawing|x64.Build.0 = Release|x64
		{6598A7CD-8F27-4D3F-A675-5AE63113A7C3}.Release_woDrawing|x86.ActiveCfg = Release|x86
		{6598A7CD-8F27-4D3F-A675-5AE63113A7C3}.Release_woDrawing|x86.Build.0 = Release|x86
		{6598A7CD-8F27-4D3F-A675-5AE63113A7C3}.Release|Any CPU.ActiveCfg = Release|Any CPU
		{6598A7CD-8F27-4D3F-A675-5AE63113A7C3}.Release|Any CPU.Build.0 = Release|Any CPU
		{6598A7CD-8F27-4D3F-A675-5AE63113A7C3}.Release|Mixed Platforms.ActiveCfg = Release|Any CPU
		{6598A7CD-8F27-4D3F-A675-5AE63113A7C3}.Release|Mixed Platforms.Build.0 = Release|Any CPU
		{6598A7CD-8F27-4D3F-A675-5AE63113A7C3}.Release|x64.ActiveCfg = Release|x64
		{6598A7CD-8F27-4D3F-A675-5AE63113A7C3}.Release|x64.Build.0 = Release|x64
		{6598A7CD-8F27-4D3F-A675-5AE63113A7C3}.Release|x86.ActiveCfg = Release|x86
		{6598A7CD-8F27-4D3F-A675-5AE63113A7C3}.Release|x86.Build.0 = Release|x86
		{6598A7CD-8F27-4D3F-A675-5AE63113A7C3}.Release35|Any CPU.ActiveCfg = Release|Any CPU
		{6598A7CD-8F27-4D3F-A675-5AE63113A7C3}.Release35|Any CPU.Build.0 = Release|Any CPU
		{6598A7CD-8F27-4D3F-A675-5AE63113A7C3}.Release35|Mixed Platforms.ActiveCfg = Release|x86
		{6598A7CD-8F27-4D3F-A675-5AE63113A7C3}.Release35|Mixed Platforms.Build.0 = Release|x86
		{6598A7CD-8F27-4D3F-A675-5AE63113A7C3}.Release35|x64.ActiveCfg = Release|x64
		{6598A7CD-8F27-4D3F-A675-5AE63113A7C3}.Release35|x64.Build.0 = Release|x64
		{6598A7CD-8F27-4D3F-A675-5AE63113A7C3}.Release35|x86.ActiveCfg = Release|x86
		{6598A7CD-8F27-4D3F-A675-5AE63113A7C3}.Release35|x86.Build.0 = Release|x86
	EndGlobalSection
	GlobalSection(SolutionProperties) = preSolution
		HideSolutionNode = FALSE
	EndGlobalSection
	GlobalSection(ExtensibilityGlobals) = postSolution
		SolutionGuid = {29B54CE8-51B8-40A8-9A46-E176C28B62BC}
	EndGlobalSection
EndGlobal
